
Microsoft Visual Studio Solution File, Format Version 12.00
# Visual Studio Version 16
VisualStudioVersion = 16.0.29911.84
MinimumVisualStudioVersion = 10.0.40219.1
Project("{9A19103F-16F7-4668-BE54-9A1E7A4F7556}") = "EbenWeb", "EbenWeb.csproj", "{AAD89CEE-C37E-4B63-8487-50A78924E47F}"
EndProject
Project("{FAE04EC0-301F-11D3-BF4B-00C04F79EFBC}") = "Eben.Business", "..\Eben.Business\Eben.Business.csproj", "{98D00878-1C7D-49AC-8E3C-6FFD2F4E0B9F}"
EndProject
Global
	GlobalSection(SolutionConfigurationPlatforms) = preSolution
		Debug|Any CPU = Debug|Any CPU
		Release|Any CPU = Release|Any CPU
	EndGlobalSection
	GlobalSection(ProjectConfigurationPlatforms) = postSolution
		{AAD89CEE-C37E-4B63-8487-50A78924E47F}.Debug|Any CPU.ActiveCfg = Debug|Any CPU
		{AAD89CEE-C37E-4B63-8487-50A78924E47F}.Debug|Any CPU.Build.0 = Debug|Any CPU
		{AAD89CEE-C37E-4B63-8487-50A78924E47F}.Release|Any CPU.ActiveCfg = Release|Any CPU
		{AAD89CEE-C37E-4B63-8487-50A78924E47F}.Release|Any CPU.Build.0 = Release|Any CPU
		{98D00878-1C7D-49AC-8E3C-6FFD2F4E0B9F}.Debug|Any CPU.ActiveCfg = Debug|Any CPU
		{98D00878-1C7D-49AC-8E3C-6FFD2F4E0B9F}.Debug|Any CPU.Build.0 = Debug|Any CPU
		{98D00878-1C7D-49AC-8E3C-6FFD2F4E0B9F}.Release|Any CPU.ActiveCfg = Release|Any CPU
		{98D00878-1C7D-49AC-8E3C-6FFD2F4E0B9F}.Release|Any CPU.Build.0 = Release|Any CPU
	EndGlobalSection
	GlobalSection(SolutionProperties) = preSolution
		HideSolutionNode = FALSE
	EndGlobalSection
	GlobalSection(ExtensibilityGlobals) = postSolution
		SolutionGuid = {18D2D98A-7B18-44A2-ACEF-90960655254B}
	EndGlobalSection
EndGlobal
